# This file was autogenerated by uv via the following command:
#    uv pip compile pyproject.toml -o uv.lock
colorama==0.4.6
    # via mechlab (pyproject.toml)
contourpy==1.3.3
    # via
    #   mechlab (pyproject.toml)
    #   matplotlib
control==0.10.2
    # via mechlab (pyproject.toml)
coolprop==7.2.0
    # via mechlab (pyproject.toml)
cycler==0.12.1
    # via
    #   mechlab (pyproject.toml)
    #   matplotlib
flexcache==0.3
    # via
    #   mechlab (pyproject.toml)
    #   pint
flexparser==0.4
    # via
    #   mechlab (pyproject.toml)
    #   pint
fluids==1.3.0
    # via mechlab (pyproject.toml)
fonttools==4.61.1
    # via
    #   mechlab (pyproject.toml)
    #   matplotlib
kiwisolver==1.4.9
    # via
    #   mechlab (pyproject.toml)
    #   matplotlib
matplotlib==3.10.8
    # via
    #   mechlab (pyproject.toml)
    #   control
mpmath==1.3.0
    # via
    #   mechlab (pyproject.toml)
    #   sympy
numpy==2.4.1
    # via
    #   mechlab (pyproject.toml)
    #   contourpy
    #   control
    #   coolprop
    #   fluids
    #   matplotlib
    #   scipy
packaging==26.0
    # via
    #   mechlab (pyproject.toml)
    #   matplotlib
pillow==12.1.0
    # via
    #   mechlab (pyproject.toml)
    #   matplotlib
pint==0.25.2
    # via mechlab (pyproject.toml)
platformdirs==4.5.1
    # via
    #   mechlab (pyproject.toml)
    #   pint
pygments==2.19.2
    # via mechlab (pyproject.toml)
pyparsing==3.3.2
    # via
    #   mechlab (pyproject.toml)
    #   matplotlib
python-dateutil==2.9.0.post0
    # via
    #   mechlab (pyproject.toml)
    #   matplotlib
scipy==1.17.0
    # via
    #   mechlab (pyproject.toml)
    #   control
    #   fluids
six==1.17.0
    # via
    #   mechlab (pyproject.toml)
    #   python-dateutil
sympy==1.14.0
    # via mechlab (pyproject.toml)
typing-extensions==4.15.0
    # via
    #   mechlab (pyproject.toml)
    #   flexcache
    #   flexparser
    #   pint
